
Microsoft Visual Studio Solution File, Format Version 12.00
# Visual Studio Version 17
VisualStudioVersion = 17.5.33516.290
MinimumVisualStudioVersion = 10.0.40219.1
Project("{2150E333-8FDC-42A3-9474-1A3956D46DE8}") = "src", "src", "{CB8C217C-71E6-44E8-BD84-B1A1A74A9F91}"
EndProject
Project("{2150E333-8FDC-42A3-9474-1A3956D46DE8}") = "test", "test", "{2438083C-F4A7-4A1B-99F4-6D5C91B4CB58}"
EndProject
Project("{9A19103F-16F7-4668-BE54-9A1E7A4F7556}") = "Domain", "src\Domain\Domain.csproj", "{FD5D4547-26FB-47CE-9305-597D33EB6F44}"
EndProject
Project("{9A19103F-16F7-4668-BE54-9A1E7A4F7556}") = "Infra.Persistence", "src\Infra.Persistence\Infra.Persistence.csproj", "{E4CFBA0D-F993-4E61-A18F-F6B64E7B68FC}"
EndProject
Project("{9A19103F-16F7-4668-BE54-9A1E7A4F7556}") = "Application", "src\Application\Application.csproj", "{D4182C1C-3403-4C11-BE20-A84667498171}"
EndProject
Project("{9A19103F-16F7-4668-BE54-9A1E7A4F7556}") = "Api", "src\Api\Api.csproj", "{238EE87B-A3EC-44DE-93FF-9704C5318767}"
EndProject
Project("{9A19103F-16F7-4668-BE54-9A1E7A4F7556}") = "App.UnitTests", "tests\App.UnitTests\App.UnitTests.csproj", "{519A1E14-FE3F-4018-B2C9-0B81247E850C}"
EndProject
Project("{2150E333-8FDC-42A3-9474-1A3956D46DE8}") = "Solution Items", "Solution Items", "{28A04177-F21D-458E-ABEE-9AE297E4323F}"
	ProjectSection(SolutionItems) = preProject
		.\README.md = .\README.md
	EndProjectSection
EndProject
Global
	GlobalSection(SolutionConfigurationPlatforms) = preSolution
		Debug|Any CPU = Debug|Any CPU
		Release|Any CPU = Release|Any CPU
	EndGlobalSection
	GlobalSection(ProjectConfigurationPlatforms) = postSolution
		{FD5D4547-26FB-47CE-9305-597D33EB6F44}.Debug|Any CPU.ActiveCfg = Debug|Any CPU
		{FD5D4547-26FB-47CE-9305-597D33EB6F44}.Debug|Any CPU.Build.0 = Debug|Any CPU
		{FD5D4547-26FB-47CE-9305-597D33EB6F44}.Release|Any CPU.ActiveCfg = Release|Any CPU
		{FD5D4547-26FB-47CE-9305-597D33EB6F44}.Release|Any CPU.Build.0 = Release|Any CPU
		{E4CFBA0D-F993-4E61-A18F-F6B64E7B68FC}.Debug|Any CPU.ActiveCfg = Debug|Any CPU
		{E4CFBA0D-F993-4E61-A18F-F6B64E7B68FC}.Debug|Any CPU.Build.0 = Debug|Any CPU
		{E4CFBA0D-F993-4E61-A18F-F6B64E7B68FC}.Release|Any CPU.ActiveCfg = Release|Any CPU
		{E4CFBA0D-F993-4E61-A18F-F6B64E7B68FC}.Release|Any CPU.Build.0 = Release|Any CPU
		{D4182C1C-3403-4C11-BE20-A84667498171}.Debug|Any CPU.ActiveCfg = Debug|Any CPU
		{D4182C1C-3403-4C11-BE20-A84667498171}.Debug|Any CPU.Build.0 = Debug|Any CPU
		{D4182C1C-3403-4C11-BE20-A84667498171}.Release|Any CPU.ActiveCfg = Release|Any CPU
		{D4182C1C-3403-4C11-BE20-A84667498171}.Release|Any CPU.Build.0 = Release|Any CPU
		{238EE87B-A3EC-44DE-93FF-9704C5318767}.Debug|Any CPU.ActiveCfg = Debug|Any CPU
		{238EE87B-A3EC-44DE-93FF-9704C5318767}.Debug|Any CPU.Build.0 = Debug|Any CPU
		{238EE87B-A3EC-44DE-93FF-9704C5318767}.Release|Any CPU.ActiveCfg = Release|Any CPU
		{238EE87B-A3EC-44DE-93FF-9704C5318767}.Release|Any CPU.Build.0 = Release|Any CPU
		{519A1E14-FE3F-4018-B2C9-0B81247E850C}.Debug|Any CPU.ActiveCfg = Debug|Any CPU
		{519A1E14-FE3F-4018-B2C9-0B81247E850C}.Debug|Any CPU.Build.0 = Debug|Any CPU
		{519A1E14-FE3F-4018-B2C9-0B81247E850C}.Release|Any CPU.ActiveCfg = Release|Any CPU
		{519A1E14-FE3F-4018-B2C9-0B81247E850C}.Release|Any CPU.Build.0 = Release|Any CPU
	EndGlobalSection
	GlobalSection(SolutionProperties) = preSolution
		HideSolutionNode = FALSE
	EndGlobalSection
	GlobalSection(NestedProjects) = preSolution
		{FD5D4547-26FB-47CE-9305-597D33EB6F44} = {CB8C217C-71E6-44E8-BD84-B1A1A74A9F91}
		{E4CFBA0D-F993-4E61-A18F-F6B64E7B68FC} = {CB8C217C-71E6-44E8-BD84-B1A1A74A9F91}
		{D4182C1C-3403-4C11-BE20-A84667498171} = {CB8C217C-71E6-44E8-BD84-B1A1A74A9F91}
		{238EE87B-A3EC-44DE-93FF-9704C5318767} = {CB8C217C-71E6-44E8-BD84-B1A1A74A9F91}
		{519A1E14-FE3F-4018-B2C9-0B81247E850C} = {2438083C-F4A7-4A1B-99F4-6D5C91B4CB58}
	EndGlobalSection
	GlobalSection(ExtensibilityGlobals) = postSolution
		SolutionGuid = {B2190EA8-3BE5-4397-84C8-B4D86F579591}
	EndGlobalSection
EndGlobal
